
Microsoft Visual Studio Solution File, Format Version 12.00
# Visual Studio 15
VisualStudioVersion = 15.0.28307.572
MinimumVisualStudioVersion = 10.0.40219.1
Project("{FAE04EC0-301F-11D3-BF4B-00C04F79EFBC}") = "Assignment_8040", "Assignment_8040\Assignment_8040.csproj", "{93144493-DFC8-4901-AEF2-C408C87B32BA}"
EndProject
Project("{FAE04EC0-301F-11D3-BF4B-00C04F79EFBC}") = "Assignment_8040_Test", "Assignment_8040_Test\Assignment_8040_Test.csproj", "{C7951E3F-49BE-4CBF-9FE3-57CE1B473331}"
EndProject
Global
	GlobalSection(SolutionConfigurationPlatforms) = preSolution
		Debug|Any CPU = Debug|Any CPU
		Release|Any CPU = Release|Any CPU
	EndGlobalSection
	GlobalSection(ProjectConfigurationPlatforms) = postSolution
		{93144493-DFC8-4901-AEF2-C408C87B32BA}.Debug|Any CPU.ActiveCfg = Debug|Any CPU
		{93144493-DFC8-4901-AEF2-C408C87B32BA}.Debug|Any CPU.Build.0 = Debug|Any CPU
		{93144493-DFC8-4901-AEF2-C408C87B32BA}.Release|Any CPU.ActiveCfg = Release|Any CPU
		{93144493-DFC8-4901-AEF2-C408C87B32BA}.Release|Any CPU.Build.0 = Release|Any CPU
		{C7951E3F-49BE-4CBF-9FE3-57CE1B473331}.Debug|Any CPU.ActiveCfg = Debug|Any CPU
		{C7951E3F-49BE-4CBF-9FE3-57CE1B473331}.Debug|Any CPU.Build.0 = Debug|Any CPU
		{C7951E3F-49BE-4CBF-9FE3-57CE1B473331}.Release|Any CPU.ActiveCfg = Release|Any CPU
		{C7951E3F-49BE-4CBF-9FE3-57CE1B473331}.Release|Any CPU.Build.0 = Release|Any CPU
	EndGlobalSection
	GlobalSection(SolutionProperties) = preSolution
		HideSolutionNode = FALSE
	EndGlobalSection
	GlobalSection(ExtensibilityGlobals) = postSolution
		SolutionGuid = {D50A794F-08D8-4F62-AFD9-47125E7282BF}
	EndGlobalSection
EndGlobal
